
Microsoft Visual Studio Solution File, Format Version 12.00
# Visual Studio Version 16
VisualStudioVersion = 16.0.30320.27
MinimumVisualStudioVersion = 10.0.40219.1
Project("{FAE04EC0-301F-11D3-BF4B-00C04F79EFBC}") = "WebCatch", "WebCatch.csproj", "{EA7F8A74-B0AE-485A-A226-5AF4C1CDDD24}"
EndProject
Project("{2150E333-8FDC-42A3-9474-1A3956D46DE8}") = "test", "test", "{46E98345-5AF9-4479-86CA-720717C0621D}"
EndProject
Project("{FAE04EC0-301F-11D3-BF4B-00C04F79EFBC}") = "WebCatchTests", "..\WebCatchTests\WebCatchTests.csproj", "{D7647B67-270D-4FC8-8F28-C9169C7574A3}"
EndProject
Global
	GlobalSection(SolutionConfigurationPlatforms) = preSolution
		Debug|Any CPU = Debug|Any CPU
		Release|Any CPU = Release|Any CPU
	EndGlobalSection
	GlobalSection(ProjectConfigurationPlatforms) = postSolution
		{EA7F8A74-B0AE-485A-A226-5AF4C1CDDD24}.Debug|Any CPU.ActiveCfg = Debug|Any CPU
		{EA7F8A74-B0AE-485A-A226-5AF4C1CDDD24}.Debug|Any CPU.Build.0 = Debug|Any CPU
		{EA7F8A74-B0AE-485A-A226-5AF4C1CDDD24}.Release|Any CPU.ActiveCfg = Release|Any CPU
		{EA7F8A74-B0AE-485A-A226-5AF4C1CDDD24}.Release|Any CPU.Build.0 = Release|Any CPU
		{D7647B67-270D-4FC8-8F28-C9169C7574A3}.Debug|Any CPU.ActiveCfg = Debug|Any CPU
		{D7647B67-270D-4FC8-8F28-C9169C7574A3}.Debug|Any CPU.Build.0 = Debug|Any CPU
		{D7647B67-270D-4FC8-8F28-C9169C7574A3}.Release|Any CPU.ActiveCfg = Release|Any CPU
		{D7647B67-270D-4FC8-8F28-C9169C7574A3}.Release|Any CPU.Build.0 = Release|Any CPU
	EndGlobalSection
	GlobalSection(SolutionProperties) = preSolution
		HideSolutionNode = FALSE
	EndGlobalSection
	GlobalSection(NestedProjects) = preSolution
		{D7647B67-270D-4FC8-8F28-C9169C7574A3} = {46E98345-5AF9-4479-86CA-720717C0621D}
	EndGlobalSection
	GlobalSection(ExtensibilityGlobals) = postSolution
		SolutionGuid = {C0EE3052-9879-44E7-A63C-A5697F32172A}
	EndGlobalSection
EndGlobal
